Microsoft Visual Studio Solution File, Format Version 12.00
# Visual Studio 15
Project("{8BC9CEB8-8B4A-11D0-8D11-00A0C91BC942}") = "ALL_BUILD", "ALL_BUILD.vcxproj", "{395E9E8E-0249-3383-BAFB-6FD96A0319AF}"
	ProjectSection(ProjectDependencies) = postProject
		{507ADA1C-4C12-341B-B7E9-EF824565F241} = {507ADA1C-4C12-341B-B7E9-EF824565F241}
		{3E7D7706-0E34-3862-BEFF-43F637913ED6} = {3E7D7706-0E34-3862-BEFF-43F637913ED6}
		{03D409E3-1E52-3B7D-BA9D-460966BC555E} = {03D409E3-1E52-3B7D-BA9D-460966BC555E}
		{F797B46F-0FD1-3145-AA0E-BC4AA6CA4429} = {F797B46F-0FD1-3145-AA0E-BC4AA6CA4429}
	EndProjectSection
EndProject
Project("{8BC9CEB8-8B4A-11D0-8D11-00A0C91BC942}") = "CG_UFPel", "CG_UFPel.vcxproj", "{507ADA1C-4C12-341B-B7E9-EF824565F241}"
	ProjectSection(ProjectDependencies) = postProject
		{3E7D7706-0E34-3862-BEFF-43F637913ED6} = {3E7D7706-0E34-3862-BEFF-43F637913ED6}
		{03D409E3-1E52-3B7D-BA9D-460966BC555E} = {03D409E3-1E52-3B7D-BA9D-460966BC555E}
		{F797B46F-0FD1-3145-AA0E-BC4AA6CA4429} = {F797B46F-0FD1-3145-AA0E-BC4AA6CA4429}
	EndProjectSection
EndProject
Project("{8BC9CEB8-8B4A-11D0-8D11-00A0C91BC942}") = "GLAD", "GLAD.vcxproj", "{3E7D7706-0E34-3862-BEFF-43F637913ED6}"
	ProjectSection(ProjectDependencies) = postProject
		{F797B46F-0FD1-3145-AA0E-BC4AA6CA4429} = {F797B46F-0FD1-3145-AA0E-BC4AA6CA4429}
	EndProjectSection
EndProject
Project("{8BC9CEB8-8B4A-11D0-8D11-00A0C91BC942}") = "STB_IMAGE", "STB_IMAGE.vcxproj", "{03D409E3-1E52-3B7D-BA9D-460966BC555E}"
	ProjectSection(ProjectDependencies) = postProject
		{F797B46F-0FD1-3145-AA0E-BC4AA6CA4429} = {F797B46F-0FD1-3145-AA0E-BC4AA6CA4429}
	EndProjectSection
EndProject
Project("{8BC9CEB8-8B4A-11D0-8D11-00A0C91BC942}") = "ZERO_CHECK", "ZERO_CHECK.vcxproj", "{F797B46F-0FD1-3145-AA0E-BC4AA6CA4429}"
	ProjectSection(ProjectDependencies) = postProject
	EndProjectSection
EndProject
Global
	GlobalSection(SolutionConfigurationPlatforms) = preSolution
		Debug|Win32 = Debug|Win32
		Release|Win32 = Release|Win32
		MinSizeRel|Win32 = MinSizeRel|Win32
		RelWithDebInfo|Win32 = RelWithDebInfo|Win32
	EndGlobalSection
	GlobalSection(ProjectConfigurationPlatforms) = postSolution
		{395E9E8E-0249-3383-BAFB-6FD96A0319AF}.Debug|Win32.ActiveCfg = Debug|Win32
		{395E9E8E-0249-3383-BAFB-6FD96A0319AF}.Release|Win32.ActiveCfg = Release|Win32
		{395E9E8E-0249-3383-BAFB-6FD96A0319AF}.MinSizeRel|Win32.ActiveCfg = MinSizeRel|Win32
		{395E9E8E-0249-3383-BAFB-6FD96A0319AF}.RelWithDebInfo|Win32.ActiveCfg = RelWithDebInfo|Win32
		{507ADA1C-4C12-341B-B7E9-EF824565F241}.Debug|Win32.ActiveCfg = Debug|Win32
		{507ADA1C-4C12-341B-B7E9-EF824565F241}.Debug|Win32.Build.0 = Debug|Win32
		{507ADA1C-4C12-341B-B7E9-EF824565F241}.Release|Win32.ActiveCfg = Release|Win32
		{507ADA1C-4C12-341B-B7E9-EF824565F241}.Release|Win32.Build.0 = Release|Win32
		{507ADA1C-4C12-341B-B7E9-EF824565F241}.MinSizeRel|Win32.ActiveCfg = MinSizeRel|Win32
		{507ADA1C-4C12-341B-B7E9-EF824565F241}.MinSizeRel|Win32.Build.0 = MinSizeRel|Win32
		{507ADA1C-4C12-341B-B7E9-EF824565F241}.RelWithDebInfo|Win32.ActiveCfg = RelWithDebInfo|Win32
		{507ADA1C-4C12-341B-B7E9-EF824565F241}.RelWithDebInfo|Win32.Build.0 = RelWithDebInfo|Win32
		{3E7D7706-0E34-3862-BEFF-43F637913ED6}.Debug|Win32.ActiveCfg = Debug|Win32
		{3E7D7706-0E34-3862-BEFF-43F637913ED6}.Debug|Win32.Build.0 = Debug|Win32
		{3E7D7706-0E34-3862-BEFF-43F637913ED6}.Release|Win32.ActiveCfg = Release|Win32
		{3E7D7706-0E34-3862-BEFF-43F637913ED6}.Release|Win32.Build.0 = Release|Win32
		{3E7D7706-0E34-3862-BEFF-43F637913ED6}.MinSizeRel|Win32.ActiveCfg = MinSizeRel|Win32
		{3E7D7706-0E34-3862-BEFF-43F637913ED6}.MinSizeRel|Win32.Build.0 = MinSizeRel|Win32
		{3E7D7706-0E34-3862-BEFF-43F637913ED6}.RelWithDebInfo|Win32.ActiveCfg = RelWithDebInfo|Win32
		{3E7D7706-0E34-3862-BEFF-43F637913ED6}.RelWithDebInfo|Win32.Build.0 = RelWithDebInfo|Win32
		{03D409E3-1E52-3B7D-BA9D-460966BC555E}.Debug|Win32.ActiveCfg = Debug|Win32
		{03D409E3-1E52-3B7D-BA9D-460966BC555E}.Debug|Win32.Build.0 = Debug|Win32
		{03D409E3-1E52-3B7D-BA9D-460966BC555E}.Release|Win32.ActiveCfg = Release|Win32
		{03D409E3-1E52-3B7D-BA9D-460966BC555E}.Release|Win32.Build.0 = Release|Win32
		{03D409E3-1E52-3B7D-BA9D-460966BC555E}.MinSizeRel|Win32.ActiveCfg = MinSizeRel|Win32
		{03D409E3-1E52-3B7D-BA9D-460966BC555E}.MinSizeRel|Win32.Build.0 = MinSizeRel|Win32
		{03D409E3-1E52-3B7D-BA9D-460966BC555E}.RelWithDebInfo|Win32.ActiveCfg = RelWithDebInfo|Win32
		{03D409E3-1E52-3B7D-BA9D-460966BC555E}.RelWithDebInfo|Win32.Build.0 = RelWithDebInfo|Win32
		{F797B46F-0FD1-3145-AA0E-BC4AA6CA4429}.Debug|Win32.ActiveCfg = Debug|Win32
		{F797B46F-0FD1-3145-AA0E-BC4AA6CA4429}.Debug|Win32.Build.0 = Debug|Win32
		{F797B46F-0FD1-3145-AA0E-BC4AA6CA4429}.Release|Win32.ActiveCfg = Release|Win32
		{F797B46F-0FD1-3145-AA0E-BC4AA6CA4429}.Release|Win32.Build.0 = Release|Win32
		{F797B46F-0FD1-3145-AA0E-BC4AA6CA4429}.MinSizeRel|Win32.ActiveCfg = MinSizeRel|Win32
		{F797B46F-0FD1-3145-AA0E-BC4AA6CA4429}.MinSizeRel|Win32.Build.0 = MinSizeRel|Win32
		{F797B46F-0FD1-3145-AA0E-BC4AA6CA4429}.RelWithDebInfo|Win32.ActiveCfg = RelWithDebInfo|Win32
		{F797B46F-0FD1-3145-AA0E-BC4AA6CA4429}.RelWithDebInfo|Win32.Build.0 = RelWithDebInfo|Win32
	EndGlobalSection
	GlobalSection(ExtensibilityGlobals) = postSolution
		SolutionGuid = {4C528557-69D8-326E-90D9-1A63AFFB5472}
	EndGlobalSection
	GlobalSection(ExtensibilityAddIns) = postSolution
	EndGlobalSection
EndGlobal
